{
  "lockfileVersion": 1,
  "configVersion": 1,
  "workspaces": {
    "": {
      "name": "auddio-addon-sdk",
      "dependencies": {
        "bun": "^1.3.11",
        "zod": "^4.3.6",
      },
      "devDependencies": {
        "@types/bun": "latest",
        "typedoc": "^0.28.20",
        "typescript": "^6.0.2",
      },
    },
  },
  "packages": {
    "@gerrit0/mini-shiki": ["@gerrit0/mini-shiki@3.23.0", "", { "dependencies": { "@shikijs/engine-oniguruma": "^3.23.0", "@shikijs/langs": "^3.23.0", "@shikijs/themes": "^3.23.0", "@shikijs/types": "^3.23.0", "@shikijs/vscode-textmate": "^10.0.2" } }, "sha512-bEMORlG0cqdjVyCEuU0cDQbORWX+kYCeo0kV1lbxF5bt4r7SID2l9bqsxJEM0zndaxpOUT7riCyIVEuqq/Ynxg=="],

    "@oven/bun-darwin-aarch64": ["@oven/bun-darwin-aarch64@1.3.11", "", { "os": "darwin", "cpu": "arm64" }, "sha512-/8IzqSu4/OWGRs7Fs2ROzGVwJMFTBQkgAp6sAthkBYoN7OiM4rY/CpPVs2X9w9N1W61CHSkEdNKi8HrLZKfK3g=="],

    "@oven/bun-darwin-x64": ["@oven/bun-darwin-x64@1.3.11", "", { "os": "darwin", "cpu": "x64" }, "sha512-TT7eUihnAzxM2tlZesusuC75PAOYKvUBgVU/Nm/lakZ/DpyuqhNkzUfcxSgmmK9IjVWzMmezLIGZl16XGCGJng=="],

    "@oven/bun-darwin-x64-baseline": ["@oven/bun-darwin-x64-baseline@1.3.11", "", { "os": "darwin", "cpu": "x64" }, "sha512-CYjIHWaQG7T4phfjErHr6BiXRs0K/9DqMeiohJmuYSBF+H2m56vFslOenLCguGYQL9jeiiCZBeoVCpwjxZrMgQ=="],

    "@oven/bun-linux-aarch64": ["@oven/bun-linux-aarch64@1.3.11", "", { "os": "linux", "cpu": "arm64" }, "sha512-8XMLyRNxHF4jfLajkWt+F8UDxsWbzysyxQVMZKUXwoeGvaxB0rVd07r3YbgDtG8U6khhRFM3oaGp+CQ0whwmdA=="],

    "@oven/bun-linux-aarch64-musl": ["@oven/bun-linux-aarch64-musl@1.3.11", "", { "os": "linux", "cpu": "arm64" }, "sha512-jBwYCLG5Eb+PqtFrc3Wp2WMYlw1Id75gUcsdP+ApCOpf5oQhHxkFWCjZmcDoioDmEhMWAiM3wtwSrTlPg+sI6Q=="],

    "@oven/bun-linux-x64": ["@oven/bun-linux-x64@1.3.11", "", { "os": "linux", "cpu": "x64" }, "sha512-z3GFCk1UBzDOOiEBHL32lVP7Edi26BhOjKb6bIc0nRyabbRiyON4++GR0zmd/H5zM5S0+UcXFgCGnD+b8avTLw=="],

    "@oven/bun-linux-x64-baseline": ["@oven/bun-linux-x64-baseline@1.3.11", "", { "os": "linux", "cpu": "x64" }, "sha512-KZlf1jKtf4jai8xiQv/0XRjxVVhHnw/HtUKtLdOeQpTOQ1fQFhLoz2FGGtVRd0LVa/yiRbSz9HlWIzWlmJClng=="],

    "@oven/bun-linux-x64-musl": ["@oven/bun-linux-x64-musl@1.3.11", "", { "os": "linux", "cpu": "x64" }, "sha512-ADImD4yCHNpqZu718E2chWcCaAHvua90yhmpzzV6fF4zOhwkGGbPCgUWmKyJ83uz+DXaPdYxX0ttDvtolrzx3Q=="],

    "@oven/bun-linux-x64-musl-baseline": ["@oven/bun-linux-x64-musl-baseline@1.3.11", "", { "os": "linux", "cpu": "x64" }, "sha512-J+qz4Al05PrNIOdj7xsWVTyx0c/gjUauG5nKV3Rrx0Q+5JO+1pPVlnfNmWbOF9pKG4f3IGad8KXJUfGMORld+Q=="],

    "@oven/bun-windows-aarch64": ["@oven/bun-windows-aarch64@1.3.11", "", { "os": "win32", "cpu": "arm64" }, "sha512-UOdkwScHRkGPz+n9ZJU7sTkTvqV7rD1SLCLaru1xH8WRsV7tDorPqNCzEN1msOIiPRK825nvAtEm9UsomO1GsA=="],

    "@oven/bun-windows-x64": ["@oven/bun-windows-x64@1.3.11", "", { "os": "win32", "cpu": "x64" }, "sha512-E51tyWDP1l0CbjZYhiUxhDGPaY8Hf5YBREx0PHBff1LM1/q3qsJ6ZvRUa8YbbOO0Ax9QP6GHjD9vf3n6bXZ7QA=="],

    "@oven/bun-windows-x64-baseline": ["@oven/bun-windows-x64-baseline@1.3.11", "", { "os": "win32", "cpu": "x64" }, "sha512-cCsXK9AQ9Zf18QlVnbrFu2IKfr4sf2sfbErkF2jfCzyCO9Bnhl0KRx63zlN+Ni1xU7gcBLAssgcui5R400N2eA=="],

    "@shikijs/engine-oniguruma": ["@shikijs/engine-oniguruma@3.23.0", "", { "dependencies": { "@shikijs/types": "3.23.0", "@shikijs/vscode-textmate": "^10.0.2" } }, "sha512-1nWINwKXxKKLqPibT5f4pAFLej9oZzQTsby8942OTlsJzOBZ0MWKiwzMsd+jhzu8YPCHAswGnnN1YtQfirL35g=="],

    "@shikijs/langs": ["@shikijs/langs@3.23.0", "", { "dependencies": { "@shikijs/types": "3.23.0" } }, "sha512-2Ep4W3Re5aB1/62RSYQInK9mM3HsLeB91cHqznAJMuylqjzNVAVCMnNWRHFtcNHXsoNRayP9z1qj4Sq3nMqYXg=="],

    "@shikijs/themes": ["@shikijs/themes@3.23.0", "", { "dependencies": { "@shikijs/types": "3.23.0" } }, "sha512-5qySYa1ZgAT18HR/ypENL9cUSGOeI2x+4IvYJu4JgVJdizn6kG4ia5Q1jDEOi7gTbN4RbuYtmHh0W3eccOrjMA=="],

    "@shikijs/types": ["@shikijs/types@3.23.0", "", { "dependencies": { "@shikijs/vscode-textmate": "^10.0.2", "@types/hast": "^3.0.4" } }, "sha512-3JZ5HXOZfYjsYSk0yPwBrkupyYSLpAE26Qc0HLghhZNGTZg/SKxXIIgoxOpmmeQP0RRSDJTk1/vPfw9tbw+jSQ=="],

    "@shikijs/vscode-textmate": ["@shikijs/vscode-textmate@10.0.2", "", {}, "sha512-83yeghZ2xxin3Nj8z1NMd/NCuca+gsYXswywDy5bHvwlWL8tpTQmzGeUuHd9FC3E/SBEMvzJRwWEOz5gGes9Qg=="],

    "@types/bun": ["@types/bun@1.3.9", "", { "dependencies": { "bun-types": "1.3.9" } }, "sha512-KQ571yULOdWJiMH+RIWIOZ7B2RXQGpL1YQrBtLIV3FqDcCu6FsbFUBwhdKUlCKUpS3PJDsHlJ1QKlpxoVR+xtw=="],

    "@types/hast": ["@types/hast@3.0.5", "", { "dependencies": { "@types/unist": "*" } }, "sha512-rp/ezSWaD1m44dPKICGhiskI13nVr7qTloFwDa/IYkhhf5nzwP+zIQcIJh3WIFSBOy/H1PzB40jPjMDksN4F+g=="],

    "@types/node": ["@types/node@25.2.3", "", { "dependencies": { "undici-types": "~7.16.0" } }, "sha512-m0jEgYlYz+mDJZ2+F4v8D1AyQb+QzsNqRuI7xg1VQX/KlKS0qT9r1Mo16yo5F/MtifXFgaofIFsdFMox2SxIbQ=="],

    "@types/unist": ["@types/unist@3.0.3", "", {}, "sha512-ko/gIFJRv177XgZsZcBwnqJN5x/Gien8qNOn0D5bQU/zAzVf9Zt3BlcUiLqhV9y4ARk0GbT3tnUiPNgnTXzc/Q=="],

    "argparse": ["argparse@2.0.1", "", {}, "sha512-8+9WqebbFzpX9OR+Wa6O29asIogeRMzcGtAINdpMHHyAg10f05aSFVBbcEqGf/PXw1EjAZ+q2/bEBg3DvurK3Q=="],

    "balanced-match": ["balanced-match@4.0.4", "", {}, "sha512-BLrgEcRTwX2o6gGxGOCNyMvGSp35YofuYzw9h1IMTRmKqttAZZVU67bdb9Pr2vUHA8+j3i2tJfjO6C6+4myGTA=="],

    "brace-expansion": ["brace-expansion@5.0.12", "", { "dependencies": { "balanced-match": "^4.0.2" } }, "sha512-YovQ3rzhaLMIrDjNDMkNS01tea93qhEhG5xy8f6+R0l+dw3Ki+5sCoIoI942iuLZTHWogWktgwVDhU09iNEimQ=="],

    "bun": ["bun@1.3.11", "", { "optionalDependencies": { "@oven/bun-darwin-aarch64": "1.3.11", "@oven/bun-darwin-x64": "1.3.11", "@oven/bun-darwin-x64-baseline": "1.3.11", "@oven/bun-linux-aarch64": "1.3.11", "@oven/bun-linux-aarch64-musl": "1.3.11", "@oven/bun-linux-x64": "1.3.11", "@oven/bun-linux-x64-baseline": "1.3.11", "@oven/bun-linux-x64-musl": "1.3.11", "@oven/bun-linux-x64-musl-baseline": "1.3.11", "@oven/bun-windows-aarch64": "1.3.11", "@oven/bun-windows-x64": "1.3.11", "@oven/bun-windows-x64-baseline": "1.3.11" }, "os": [ "linux", "win32", "darwin", ], "cpu": [ "x64", "arm64", ], "bin": { "bun": "bin/bun.exe", "bunx": "bin/bunx.exe" } }, "sha512-AvXWYFO6j/ZQ7bhGm4X6eilq2JHsDVC90ZM32k2B7/srhC2gs3Sdki1QTbwrdRCo8o7eT+167vcB1yzOvPdbjA=="],

    "bun-types": ["bun-types@1.3.9", "", { "dependencies": { "@types/node": "*" } }, "sha512-+UBWWOakIP4Tswh0Bt0QD0alpTY8cb5hvgiYeWCMet9YukHbzuruIEeXC2D7nMJPB12kbh8C7XJykSexEqGKJg=="],

    "entities": ["entities@4.5.0", "", {}, "sha512-V0hjH4dGPh9Ao5p0MoRY6BVqtwCjhz6vI5LT8AJ55H+4g9/4vbHx1I54fS0XuclLhDHArPQCiMjDxjaL8fPxhw=="],

    "linkify-it": ["linkify-it@5.0.2", "", { "dependencies": { "uc.micro": "^2.0.0" } }, "sha512-ONTm2jCMAVZjgQa/Fy1kScXsuOoF5NPTsoFBdE1KVIZ2vAh/r9+Bqo+0jINCBYnavTPQZz38QzFTme79ENoN3Q=="],

    "lunr": ["lunr@2.3.9", "", {}, "sha512-zTU3DaZaF3Rt9rhN3uBMGQD3dD2/vFQqnvZCDv4dl5iOzq2IZQqTxu90r4E5J+nP70J3ilqVCrbho2eWaeW8Ow=="],

    "markdown-it": ["markdown-it@14.3.2", "", { "dependencies": { "argparse": "^2.0.1", "entities": "^4.5.0", "linkify-it": "^5.0.2", "mdurl": "^2.0.0", "punycode.js": "^2.3.1", "uc.micro": "^2.1.0" }, "bin": { "markdown-it": "bin/markdown-it.mjs" } }, "sha512-sHHjZ5fJKlgrG4qns2YwVcdNep35h5fERrfkD2YNsb9UFk0UIHarbiTaHKVMlPuWAoiilyK8Fv/jAm11slsY7Q=="],

    "mdurl": ["mdurl@2.1.0", "", {}, "sha512-1+HBaOx0zi/dQWht8rNv9MYf9qqpqL/kxI0hXImU6Y547zM6Sni8BQibt7ifgMcYtQg41ao3Ivd6cnSM86inpg=="],

    "minimatch": ["minimatch@10.2.6", "", { "dependencies": { "brace-expansion": "^5.0.8" } }, "sha512-vpLQEs+VLCr1nU0BXS07maYoFwlDAH0gngQuuttxIwutDFEMHq2blX+8vpgxDdK3J1PwjCJiep77OitTZ4Ll1A=="],

    "punycode.js": ["punycode.js@2.3.1", "", {}, "sha512-uxFIHU0YlHYhDQtV4R9J6a52SLx28BCjT+4ieh7IGbgwVJWO+km431c4yRlREUAsAmt/uMjQUyQHNEPf0M39CA=="],

    "typedoc": ["typedoc@0.28.20", "", { "dependencies": { "@gerrit0/mini-shiki": "^3.23.0", "lunr": "^2.3.9", "markdown-it": "^14.3.0", "minimatch": "^10.2.5", "yaml": "^2.9.0" }, "peerDependencies": { "typescript": "5.0.x || 5.1.x || 5.2.x || 5.3.x || 5.4.x || 5.5.x || 5.6.x || 5.7.x || 5.8.x || 5.9.x || 6.0.x" }, "bin": { "typedoc": "bin/typedoc" } }, "sha512-uSKqkh8Cr48vllnEy+jdaAgOeR6Y+QCBW7usgUsKj7gJEfR7stw9U/fE49LBnj2tPRKPY0c0EBJSWe9Appmplg=="],

    "typescript": ["typescript@6.0.2", "", { "bin": { "tsc": "bin/tsc", "tsserver": "bin/tsserver" } }, "sha512-bGdAIrZ0wiGDo5l8c++HWtbaNCWTS4UTv7RaTH/ThVIgjkveJt83m74bBHMJkuCbslY8ixgLBVZJIOiQlQTjfQ=="],

    "uc.micro": ["uc.micro@2.1.0", "", {}, "sha512-ARDJmphmdvUk6Glw7y9DQ2bFkKBHwQHLi2lsaH6PPmz/Ka9sFOBsBluozhDltWmnv9u/cF6Rt87znRTPV+yp/A=="],

    "undici-types": ["undici-types@7.16.0", "", {}, "sha512-Zz+aZWSj8LE6zoxD+xrjh4VfkIG8Ya6LvYkZqtUQGJPZjYl53ypCaUwWqo7eI0x66KBGeRo+mlBEkMSeSZ38Nw=="],

    "yaml": ["yaml@2.9.1", "", { "bin": { "yaml": "bin.mjs" } }, "sha512-3NxN8+78OdzbT7C/WjGsyfPAtJaN3FNDsWxv7Y7mcDsT/oOmgW8BpyQQFFBnvZE3j9Y2Sdz1ULFLezL7Eb2yFw=="],

    "zod": ["zod@4.3.6", "", {}, "sha512-rftlrkhHZOcjDwkGlnUtZZkvaPHCsDATp4pGpuOOMDaTdDDXF91wuVDJoWoPsKX/3YPQ5fHuF3STjcYyKr+Qhg=="],
  }
}
